// !$*UTF8*$!
{
	archiveVersion = 1;
	classes = {
	};
	objectVersion = 50;
	objects = {

/* Begin PBXBuildFile section */
		9609993121998CAB006B6D62 /* AppDelegate.swift in Sources */ = {isa = PBXBuildFile; fileRef = 9609993021998CAB006B6D62 /* AppDelegate.swift */; };
		9609993821998CAD006B6D62 /* Assets.xcassets in Resources */ = {isa = PBXBuildFile; fileRef = 9609993721998CAD006B6D62 /* Assets.xcassets */; };
		9609995321998FFE006B6D62 /* LaunchScreen.storyboard in Resources */ = {isa = PBXBuildFile; fileRef = 9609995221998FFE006B6D62 /* LaunchScreen.storyboard */; };
		9663320621C8E15C004ABCA2 /* TaskSix in Resources */ = {isa = PBXBuildFile; fileRef = 9663320521C8E15C004ABCA2 /* TaskSix */; };
		9663320821C8E27D004ABCA2 /* TaskSixProtocol.swift in Sources */ = {isa = PBXBuildFile; fileRef = 9663320721C8E27D004ABCA2 /* TaskSixProtocol.swift */; };
		9663320B21C8E39C004ABCA2 /* TaskSeven in Resources */ = {isa = PBXBuildFile; fileRef = 9663320A21C8E39C004ABCA2 /* TaskSeven */; };
		96B0E7A121AFD413001AD6FF /* ReadMe in Resources */ = {isa = PBXBuildFile; fileRef = 96B0E7A021AFD413001AD6FF /* ReadMe */; };
		96B0E7A421AFD695001AD6FF /* TaskOne in Resources */ = {isa = PBXBuildFile; fileRef = 96B0E7A321AFD695001AD6FF /* TaskOne */; };
		96B0E7A721AFE4AF001AD6FF /* TaskTwo in Resources */ = {isa = PBXBuildFile; fileRef = 96B0E7A621AFE4AF001AD6FF /* TaskTwo */; };
		96B0E7AA21AFFB34001AD6FF /* TaskThree in Resources */ = {isa = PBXBuildFile; fileRef = 96B0E7A921AFFB34001AD6FF /* TaskThree */; };
		96B0E7AD21B0086D001AD6FF /* TaskFour in Resources */ = {isa = PBXBuildFile; fileRef = 96B0E7AC21B0086D001AD6FF /* TaskFour */; };
		96B0E7B021B00CAF001AD6FF /* TaskFive in Resources */ = {isa = PBXBuildFile; fileRef = 96B0E7AF21B00CAF001AD6FF /* TaskFive */; };
		AC5894532216DC5100998D53 /* TitleCell.swift in Sources */ = {isa = PBXBuildFile; fileRef = AC5894522216DC5100998D53 /* TitleCell.swift */; };
		AC5894552216DC5B00998D53 /* DataCell.swift in Sources */ = {isa = PBXBuildFile; fileRef = AC5894542216DC5B00998D53 /* DataCell.swift */; };
		AC5894572216DC6700998D53 /* SeparatorCell.swift in Sources */ = {isa = PBXBuildFile; fileRef = AC5894562216DC6700998D53 /* SeparatorCell.swift */; };
		AC5894592216EA8B00998D53 /* MainTableView.swift in Sources */ = {isa = PBXBuildFile; fileRef = AC5894582216EA8B00998D53 /* MainTableView.swift */; };
		CE035C4122256F0C00DC681C /* TableElementsMapper.swift in Sources */ = {isa = PBXBuildFile; fileRef = CE035C4022256F0C00DC681C /* TableElementsMapper.swift */; };
		CE035C432225833500DC681C /* ListOfFurniture.swift in Sources */ = {isa = PBXBuildFile; fileRef = CE035C422225833500DC681C /* ListOfFurniture.swift */; };
		CE4987272209CBAC00A79620 /* TaskFourViewController.swift in Sources */ = {isa = PBXBuildFile; fileRef = CE4987262209CBAC00A79620 /* TaskFourViewController.swift */; };
		CE4987292209CBD700A79620 /* TaskFourScreen.storyboard in Resources */ = {isa = PBXBuildFile; fileRef = CE4987282209CBD700A79620 /* TaskFourScreen.storyboard */; };
		CE731D362200A04B00B08E68 /* ButtonDelegate.swift in Sources */ = {isa = PBXBuildFile; fileRef = CE731D352200A04B00B08E68 /* ButtonDelegate.swift */; };
		CE75CFBD221ED97400A1EFB6 /* ChairProtocol.swift in Sources */ = {isa = PBXBuildFile; fileRef = CE75CFBC221ED97400A1EFB6 /* ChairProtocol.swift */; };
		CE75CFBF221ED9CE00A1EFB6 /* TableProtocol.swift in Sources */ = {isa = PBXBuildFile; fileRef = CE75CFBE221ED9CE00A1EFB6 /* TableProtocol.swift */; };
		CE75CFC1221EDC4500A1EFB6 /* AbstractFactory.swift in Sources */ = {isa = PBXBuildFile; fileRef = CE75CFC0221EDC4500A1EFB6 /* AbstractFactory.swift */; };
		CE75CFC7221EDD0400A1EFB6 /* RenaissanceChair.swift in Sources */ = {isa = PBXBuildFile; fileRef = CE75CFC6221EDD0400A1EFB6 /* RenaissanceChair.swift */; };
		CE75CFC9221EDD1A00A1EFB6 /* RenaissanceTable.swift in Sources */ = {isa = PBXBuildFile; fileRef = CE75CFC8221EDD1A00A1EFB6 /* RenaissanceTable.swift */; };
		CE75CFCB221EDDA700A1EFB6 /* ModernChair.swift in Sources */ = {isa = PBXBuildFile; fileRef = CE75CFCA221EDDA700A1EFB6 /* ModernChair.swift */; };
		CE75CFCD221EDDD300A1EFB6 /* ModernTable.swift in Sources */ = {isa = PBXBuildFile; fileRef = CE75CFCC221EDDD300A1EFB6 /* ModernTable.swift */; };
		CE75CFCF221EE2BB00A1EFB6 /* ModernFactory.swift in Sources */ = {isa = PBXBuildFile; fileRef = CE75CFCE221EE2BB00A1EFB6 /* ModernFactory.swift */; };
		CE75CFD1221EE2DA00A1EFB6 /* RenaissanceFactory.swift in Sources */ = {isa = PBXBuildFile; fileRef = CE75CFD0221EE2DA00A1EFB6 /* RenaissanceFactory.swift */; };
		CE75CFD4221EECF200A1EFB6 /* MainTableElements.swift in Sources */ = {isa = PBXBuildFile; fileRef = CE75CFD3221EECF200A1EFB6 /* MainTableElements.swift */; };
		CE75CFD6221EF31E00A1EFB6 /* TitleDataCell.swift in Sources */ = {isa = PBXBuildFile; fileRef = CE75CFD5221EF31E00A1EFB6 /* TitleDataCell.swift */; };
		FACF29AF21CA666A00492B35 /* TaskOneViewController.swift in Sources */ = {isa = PBXBuildFile; fileRef = FACF29AE21CA666A00492B35 /* TaskOneViewController.swift */; };
		FACF29BB21CA6FEF00492B35 /* TaskOneScreen.storyboard in Resources */ = {isa = PBXBuildFile; fileRef = FACF29BA21CA6FEF00492B35 /* TaskOneScreen.storyboard */; };
		FACF29BF21CA895200492B35 /* TaskTwoViewController.swift in Sources */ = {isa = PBXBuildFile; fileRef = FACF29BE21CA895200492B35 /* TaskTwoViewController.swift */; };
		FACF29C121CA896600492B35 /* TaskTwoScreen.storyboard in Resources */ = {isa = PBXBuildFile; fileRef = FACF29C021CA896600492B35 /* TaskTwoScreen.storyboard */; };
		FACF29C321CA8BD500492B35 /* TableElement.swift in Sources */ = {isa = PBXBuildFile; fileRef = FACF29C221CA8BD500492B35 /* TableElement.swift */; };
		FACF29C521CA8C0800492B35 /* ChairElement.swift in Sources */ = {isa = PBXBuildFile; fileRef = FACF29C421CA8C0800492B35 /* ChairElement.swift */; };
		FACF29C721CA8C4200492B35 /* FurnitureProtocol.swift in Sources */ = {isa = PBXBuildFile; fileRef = FACF29C621CA8C4200492B35 /* FurnitureProtocol.swift */; };
		FAF9D5AA21CD037000F34E3C /* TaskThreeScreen.storyboard in Resources */ = {isa = PBXBuildFile; fileRef = FAF9D5A921CD037000F34E3C /* TaskThreeScreen.storyboard */; };
		FAF9D5AC21CD054A00F34E3C /* TaskThreePartOneViewController.swift in Sources */ = {isa = PBXBuildFile; fileRef = FAF9D5AB21CD054A00F34E3C /* TaskThreePartOneViewController.swift */; };
		FAF9D5AE21CD057200F34E3C /* TaskThreePartTwoViewController.swift in Sources */ = {isa = PBXBuildFile; fileRef = FAF9D5AD21CD057200F34E3C /* TaskThreePartTwoViewController.swift */; };
		FAF9D5B021CD058B00F34E3C /* TaskThreePartThreeViewController.swift in Sources */ = {isa = PBXBuildFile; fileRef = FAF9D5AF21CD058B00F34E3C /* TaskThreePartThreeViewController.swift */; };
		FAF9D5B221CD067400F34E3C /* CustomerData.swift in Sources */ = {isa = PBXBuildFile; fileRef = FAF9D5B121CD067400F34E3C /* CustomerData.swift */; };
		FAF9D5B621CD11E000F34E3C /* HandingCustomerData.swift in Sources */ = {isa = PBXBuildFile; fileRef = FAF9D5B521CD11E000F34E3C /* HandingCustomerData.swift */; };
/* End PBXBuildFile section */

/* Begin PBXFileReference section */
		9609992D21998CAB006B6D62 /* iOSMobileArchitecture.app */ = {isa = PBXFileReference; explicitFileType = wrapper.application; includeInIndex = 0; path = iOSMobileArchitecture.app; sourceTree = BUILT_PRODUCTS_DIR; };
		9609993021998CAB006B6D62 /* AppDelegate.swift */ = {isa = PBXFileReference; lastKnownFileType = sourcecode.swift; path = AppDelegate.swift; sourceTree = "<group>"; };
		9609993721998CAD006B6D62 /* Assets.xcassets */ = {isa = PBXFileReference; lastKnownFileType = folder.assetcatalog; path = Assets.xcassets; sourceTree = "<group>"; };
		9609993C21998CAD006B6D62 /* Info.plist */ = {isa = PBXFileReference; lastKnownFileType = text.plist.xml; path = Info.plist; sourceTree = "<group>"; };
		9609995221998FFE006B6D62 /* LaunchScreen.storyboard */ = {isa = PBXFileReference; lastKnownFileType = file.storyboard; path = LaunchScreen.storyboard; sourceTree = "<group>"; };
		9663320521C8E15C004ABCA2 /* TaskSix */ = {isa = PBXFileReference; lastKnownFileType = text; path = TaskSix; sourceTree = "<group>"; };
		9663320721C8E27D004ABCA2 /* TaskSixProtocol.swift */ = {isa = PBXFileReference; lastKnownFileType = sourcecode.swift; path = TaskSixProtocol.swift; sourceTree = "<group>"; };
		9663320A21C8E39C004ABCA2 /* TaskSeven */ = {isa = PBXFileReference; lastKnownFileType = text; path = TaskSeven; sourceTree = "<group>"; };
		96B0E7A021AFD413001AD6FF /* ReadMe */ = {isa = PBXFileReference; lastKnownFileType = text; path = ReadMe; sourceTree = "<group>"; };
		96B0E7A321AFD695001AD6FF /* TaskOne */ = {isa = PBXFileReference; lastKnownFileType = text; path = TaskOne; sourceTree = "<group>"; };
		96B0E7A621AFE4AF001AD6FF /* TaskTwo */ = {isa = PBXFileReference; lastKnownFileType = text; path = TaskTwo; sourceTree = "<group>"; };
		96B0E7A921AFFB34001AD6FF /* TaskThree */ = {isa = PBXFileReference; lastKnownFileType = text; path = TaskThree; sourceTree = "<group>"; };
		96B0E7AC21B0086D001AD6FF /* TaskFour */ = {isa = PBXFileReference; lastKnownFileType = text; path = TaskFour; sourceTree = "<group>"; };
		96B0E7AF21B00CAF001AD6FF /* TaskFive */ = {isa = PBXFileReference; lastKnownFileType = text; path = TaskFive; sourceTree = "<group>"; };
		AC5894522216DC5100998D53 /* TitleCell.swift */ = {isa = PBXFileReference; lastKnownFileType = sourcecode.swift; path = TitleCell.swift; sourceTree = "<group>"; };
		AC5894542216DC5B00998D53 /* DataCell.swift */ = {isa = PBXFileReference; lastKnownFileType = sourcecode.swift; path = DataCell.swift; sourceTree = "<group>"; };
		AC5894562216DC6700998D53 /* SeparatorCell.swift */ = {isa = PBXFileReference; lastKnownFileType = sourcecode.swift; path = SeparatorCell.swift; sourceTree = "<group>"; };
		AC5894582216EA8B00998D53 /* MainTableView.swift */ = {isa = PBXFileReference; lastKnownFileType = sourcecode.swift; path = MainTableView.swift; sourceTree = "<group>"; };
		CE035C4022256F0C00DC681C /* TableElementsMapper.swift */ = {isa = PBXFileReference; lastKnownFileType = sourcecode.swift; path = TableElementsMapper.swift; sourceTree = "<group>"; };
		CE035C422225833500DC681C /* ListOfFurniture.swift */ = {isa = PBXFileReference; lastKnownFileType = sourcecode.swift; path = ListOfFurniture.swift; sourceTree = "<group>"; };
		CE4987262209CBAC00A79620 /* TaskFourViewController.swift */ = {isa = PBXFileReference; lastKnownFileType = sourcecode.swift; path = TaskFourViewController.swift; sourceTree = "<group>"; };
		CE4987282209CBD700A79620 /* TaskFourScreen.storyboard */ = {isa = PBXFileReference; lastKnownFileType = file.storyboard; path = TaskFourScreen.storyboard; sourceTree = "<group>"; };
		CE731D352200A04B00B08E68 /* ButtonDelegate.swift */ = {isa = PBXFileReference; lastKnownFileType = sourcecode.swift; path = ButtonDelegate.swift; sourceTree = "<group>"; };
		CE75CFBC221ED97400A1EFB6 /* ChairProtocol.swift */ = {isa = PBXFileReference; lastKnownFileType = sourcecode.swift; path = ChairProtocol.swift; sourceTree = "<group>"; };
		CE75CFBE221ED9CE00A1EFB6 /* TableProtocol.swift */ = {isa = PBXFileReference; lastKnownFileType = sourcecode.swift; path = TableProtocol.swift; sourceTree = "<group>"; };
		CE75CFC0221EDC4500A1EFB6 /* AbstractFactory.swift */ = {isa = PBXFileReference; lastKnownFileType = sourcecode.swift; path = AbstractFactory.swift; sourceTree = "<group>"; };
		CE75CFC6221EDD0400A1EFB6 /* RenaissanceChair.swift */ = {isa = PBXFileReference; lastKnownFileType = sourcecode.swift; path = RenaissanceChair.swift; sourceTree = "<group>"; };
		CE75CFC8221EDD1A00A1EFB6 /* RenaissanceTable.swift */ = {isa = PBXFileReference; lastKnownFileType = sourcecode.swift; path = RenaissanceTable.swift; sourceTree = "<group>"; };
		CE75CFCA221EDDA700A1EFB6 /* ModernChair.swift */ = {isa = PBXFileReference; lastKnownFileType = sourcecode.swift; path = ModernChair.swift; sourceTree = "<group>"; };
		CE75CFCC221EDDD300A1EFB6 /* ModernTable.swift */ = {isa = PBXFileReference; lastKnownFileType = sourcecode.swift; path = ModernTable.swift; sourceTree = "<group>"; };
		CE75CFCE221EE2BB00A1EFB6 /* ModernFactory.swift */ = {isa = PBXFileReference; lastKnownFileType = sourcecode.swift; path = ModernFactory.swift; sourceTree = "<group>"; };
		CE75CFD0221EE2DA00A1EFB6 /* RenaissanceFactory.swift */ = {isa = PBXFileReference; lastKnownFileType = sourcecode.swift; path = RenaissanceFactory.swift; sourceTree = "<group>"; };
		CE75CFD3221EECF200A1EFB6 /* MainTableElements.swift */ = {isa = PBXFileReference; lastKnownFileType = sourcecode.swift; path = MainTableElements.swift; sourceTree = "<group>"; };
		CE75CFD5221EF31E00A1EFB6 /* TitleDataCell.swift */ = {isa = PBXFileReference; lastKnownFileType = sourcecode.swift; path = TitleDataCell.swift; sourceTree = "<group>"; };
		FACF29AE21CA666A00492B35 /* TaskOneViewController.swift */ = {isa = PBXFileReference; lastKnownFileType = sourcecode.swift; path = TaskOneViewController.swift; sourceTree = "<group>"; };
		FACF29BA21CA6FEF00492B35 /* TaskOneScreen.storyboard */ = {isa = PBXFileReference; lastKnownFileType = file.storyboard; path = TaskOneScreen.storyboard; sourceTree = "<group>"; };
		FACF29BE21CA895200492B35 /* TaskTwoViewController.swift */ = {isa = PBXFileReference; lastKnownFileType = sourcecode.swift; path = TaskTwoViewController.swift; sourceTree = "<group>"; };
		FACF29C021CA896600492B35 /* TaskTwoScreen.storyboard */ = {isa = PBXFileReference; lastKnownFileType = file.storyboard; path = TaskTwoScreen.storyboard; sourceTree = "<group>"; };
		FACF29C221CA8BD500492B35 /* TableElement.swift */ = {isa = PBXFileReference; lastKnownFileType = sourcecode.swift; path = TableElement.swift; sourceTree = "<group>"; };
		FACF29C421CA8C0800492B35 /* ChairElement.swift */ = {isa = PBXFileReference; lastKnownFileType = sourcecode.swift; path = ChairElement.swift; sourceTree = "<group>"; };
		FACF29C621CA8C4200492B35 /* FurnitureProtocol.swift */ = {isa = PBXFileReference; lastKnownFileType = sourcecode.swift; path = FurnitureProtocol.swift; sourceTree = "<group>"; };
		FAF9D5A921CD037000F34E3C /* TaskThreeScreen.storyboard */ = {isa = PBXFileReference; lastKnownFileType = file.storyboard; path = TaskThreeScreen.storyboard; sourceTree = "<group>"; };
		FAF9D5AB21CD054A00F34E3C /* TaskThreePartOneViewController.swift */ = {isa = PBXFileReference; lastKnownFileType = sourcecode.swift; path = TaskThreePartOneViewController.swift; sourceTree = "<group>"; };
		FAF9D5AD21CD057200F34E3C /* TaskThreePartTwoViewController.swift */ = {isa = PBXFileReference; lastKnownFileType = sourcecode.swift; path = TaskThreePartTwoViewController.swift; sourceTree = "<group>"; };
		FAF9D5AF21CD058B00F34E3C /* TaskThreePartThreeViewController.swift */ = {isa = PBXFileReference; lastKnownFileType = sourcecode.swift; path = TaskThreePartThreeViewController.swift; sourceTree = "<group>"; };
		FAF9D5B121CD067400F34E3C /* CustomerData.swift */ = {isa = PBXFileReference; lastKnownFileType = sourcecode.swift; path = CustomerData.swift; sourceTree = "<group>"; };
		FAF9D5B521CD11E000F34E3C /* HandingCustomerData.swift */ = {isa = PBXFileReference; lastKnownFileType = sourcecode.swift; path = HandingCustomerData.swift; sourceTree = "<group>"; };
/* End PBXFileReference section */

/* Begin PBXFrameworksBuildPhase section */
		9609992A21998CAB006B6D62 /* Frameworks */ = {
			isa = PBXFrameworksBuildPhase;
			buildActionMask = 2147483647;
			files = (
			);
			runOnlyForDeploymentPostprocessing = 0;
		};
/* End PBXFrameworksBuildPhase section */

/* Begin PBXGroup section */
		9609992421998CAB006B6D62 = {
			isa = PBXGroup;
			children = (
				96B0E7A021AFD413001AD6FF /* ReadMe */,
				9609992F21998CAB006B6D62 /* iOSMobileArchitecture */,
				9609992E21998CAB006B6D62 /* Products */,
			);
			sourceTree = "<group>";
		};
		9609992E21998CAB006B6D62 /* Products */ = {
			isa = PBXGroup;
			children = (
				9609992D21998CAB006B6D62 /* iOSMobileArchitecture.app */,
			);
			name = Products;
			sourceTree = "<group>";
		};
		9609992F21998CAB006B6D62 /* iOSMobileArchitecture */ = {
			isa = PBXGroup;
			children = (
				9609994221998D5F006B6D62 /* Classes */,
				9609994321998D65006B6D62 /* Resources */,
			);
			path = iOSMobileArchitecture;
			sourceTree = "<group>";
		};
		9609994221998D5F006B6D62 /* Classes */ = {
			isa = PBXGroup;
			children = (
				9609994821998DDF006B6D62 /* Presentation */,
			);
			path = Classes;
			sourceTree = "<group>";
		};
		9609994321998D65006B6D62 /* Resources */ = {
			isa = PBXGroup;
			children = (
				9609994421998D97006B6D62 /* Storyboards */,
				9609993721998CAD006B6D62 /* Assets.xcassets */,
				9609993021998CAB006B6D62 /* AppDelegate.swift */,
				9609993C21998CAD006B6D62 /* Info.plist */,
			);
			path = Resources;
			sourceTree = "<group>";
		};
		9609994421998D97006B6D62 /* Storyboards */ = {
			isa = PBXGroup;
			children = (
				FACF29BA21CA6FEF00492B35 /* TaskOneScreen.storyboard */,
				9609995221998FFE006B6D62 /* LaunchScreen.storyboard */,
				FACF29C021CA896600492B35 /* TaskTwoScreen.storyboard */,
				FAF9D5A921CD037000F34E3C /* TaskThreeScreen.storyboard */,
				CE4987282209CBD700A79620 /* TaskFourScreen.storyboard */,
			);
			path = Storyboards;
			sourceTree = "<group>";
		};
		9609994821998DDF006B6D62 /* Presentation */ = {
			isa = PBXGroup;
			children = (
				9663320921C8E32A004ABCA2 /* TaskSevenScreen */,
				9663320421C8E143004ABCA2 /* TaskSixScreen */,
				96B0E7AE21B00C9E001AD6FF /* TaskFiveScreen */,
				96B0E7AB21B00805001AD6FF /* TaskFourScreen */,
				96B0E7A821AFE93D001AD6FF /* TaskThreeScreen */,
				96B0E7A521AFE49E001AD6FF /* TaskTwoScreen */,
				96B0E7A221AFD666001AD6FF /* TaskOneScreen */,
			);
			path = Presentation;
			sourceTree = "<group>";
		};
		9663320421C8E143004ABCA2 /* TaskSixScreen */ = {
			isa = PBXGroup;
			children = (
				9663320521C8E15C004ABCA2 /* TaskSix */,
				9663320721C8E27D004ABCA2 /* TaskSixProtocol.swift */,
			);
			path = TaskSixScreen;
			sourceTree = "<group>";
		};
		9663320921C8E32A004ABCA2 /* TaskSevenScreen */ = {
			isa = PBXGroup;
			children = (
				9663320A21C8E39C004ABCA2 /* TaskSeven */,
			);
			path = TaskSevenScreen;
			sourceTree = "<group>";
		};
		96B0E7A221AFD666001AD6FF /* TaskOneScreen */ = {
			isa = PBXGroup;
			children = (
				FACF29AE21CA666A00492B35 /* TaskOneViewController.swift */,
				96B0E7A321AFD695001AD6FF /* TaskOne */,
			);
			path = TaskOneScreen;
			sourceTree = "<group>";
		};
		96B0E7A521AFE49E001AD6FF /* TaskTwoScreen */ = {
			isa = PBXGroup;
			children = (
				96B0E7A621AFE4AF001AD6FF /* TaskTwo */,
				FACF29BE21CA895200492B35 /* TaskTwoViewController.swift */,
				FACF29C221CA8BD500492B35 /* TableElement.swift */,
				FACF29C421CA8C0800492B35 /* ChairElement.swift */,
				FACF29C621CA8C4200492B35 /* FurnitureProtocol.swift */,
			);
			path = TaskTwoScreen;
			sourceTree = "<group>";
		};
		96B0E7A821AFE93D001AD6FF /* TaskThreeScreen */ = {
			isa = PBXGroup;
			children = (
				96B0E7A921AFFB34001AD6FF /* TaskThree */,
				FAF9D5AB21CD054A00F34E3C /* TaskThreePartOneViewController.swift */,
				FAF9D5AD21CD057200F34E3C /* TaskThreePartTwoViewController.swift */,
				FAF9D5AF21CD058B00F34E3C /* TaskThreePartThreeViewController.swift */,
				FAF9D5B121CD067400F34E3C /* CustomerData.swift */,
				FAF9D5B521CD11E000F34E3C /* HandingCustomerData.swift */,
				CE731D352200A04B00B08E68 /* ButtonDelegate.swift */,
			);
			path = TaskThreeScreen;
			sourceTree = "<group>";
		};
		96B0E7AB21B00805001AD6FF /* TaskFourScreen */ = {
			isa = PBXGroup;
			children = (
				96B0E7AC21B0086D001AD6FF /* TaskFour */,
				CE4987262209CBAC00A79620 /* TaskFourViewController.swift */,
				CE75CFC5221EDCAA00A1EFB6 /* RenaissanceFurniture */,
				CE75CFC4221EDC9D00A1EFB6 /* ModernFurniture */,
				CE75CFBB221ED94900A1EFB6 /* Protocol */,
				AC58945A2216ED2000998D53 /* AbstractFactory */,
				AC5894512216DBBB00998D53 /* TableCells */,
			);
			path = TaskFourScreen;
			sourceTree = "<group>";
		};
		96B0E7AE21B00C9E001AD6FF /* TaskFiveScreen */ = {
			isa = PBXGroup;
			children = (
				96B0E7AF21B00CAF001AD6FF /* TaskFive */,
			);
			path = TaskFiveScreen;
			sourceTree = "<group>";
		};
		AC5894512216DBBB00998D53 /* TableCells */ = {
			isa = PBXGroup;
			children = (
				CE75CFD2221EECAD00A1EFB6 /* Elements */,
				AC5894582216EA8B00998D53 /* MainTableView.swift */,
				AC5894522216DC5100998D53 /* TitleCell.swift */,
				AC5894542216DC5B00998D53 /* DataCell.swift */,
				AC5894562216DC6700998D53 /* SeparatorCell.swift */,
				CE75CFD5221EF31E00A1EFB6 /* TitleDataCell.swift */,
			);
			path = TableCells;
			sourceTree = "<group>";
		};
		AC58945A2216ED2000998D53 /* AbstractFactory */ = {
			isa = PBXGroup;
			children = (
				CE75CFC0221EDC4500A1EFB6 /* AbstractFactory.swift */,
				CE75CFCE221EE2BB00A1EFB6 /* ModernFactory.swift */,
				CE75CFD0221EE2DA00A1EFB6 /* RenaissanceFactory.swift */,
			);
			path = AbstractFactory;
			sourceTree = "<group>";
		};
		CE75CFBB221ED94900A1EFB6 /* Protocol */ = {
			isa = PBXGroup;
			children = (
				CE75CFBC221ED97400A1EFB6 /* ChairProtocol.swift */,
				CE75CFBE221ED9CE00A1EFB6 /* TableProtocol.swift */,
			);
			path = Protocol;
			sourceTree = "<group>";
		};
		CE75CFC4221EDC9D00A1EFB6 /* ModernFurniture */ = {
			isa = PBXGroup;
			children = (
				CE75CFCA221EDDA700A1EFB6 /* ModernChair.swift */,
				CE75CFCC221EDDD300A1EFB6 /* ModernTable.swift */,
			);
			path = ModernFurniture;
			sourceTree = "<group>";
		};
		CE75CFC5221EDCAA00A1EFB6 /* RenaissanceFurniture */ = {
			isa = PBXGroup;
			children = (
				CE75CFC6221EDD0400A1EFB6 /* RenaissanceChair.swift */,
				CE75CFC8221EDD1A00A1EFB6 /* RenaissanceTable.swift */,
			);
			path = RenaissanceFurniture;
			sourceTree = "<group>";
		};
		CE75CFD2221EECAD00A1EFB6 /* Elements */ = {
			isa = PBXGroup;
			children = (
				CE75CFD3221EECF200A1EFB6 /* MainTableElements.swift */,
				CE035C4022256F0C00DC681C /* TableElementsMapper.swift */,
				CE035C422225833500DC681C /* ListOfFurniture.swift */,
			);
			path = Elements;
			sourceTree = "<group>";
		};
/* End PBXGroup section */

/* Begin PBXNativeTarget section */
		9609992C21998CAB006B6D62 /* iOSMobileArchitecture */ = {
			isa = PBXNativeTarget;
			buildConfigurationList = 9609993F21998CAD006B6D62 /* Build configuration list for PBXNativeTarget "iOSMobileArchitecture" */;
			buildPhases = (
				9609992921998CAB006B6D62 /* Sources */,
				9609992A21998CAB006B6D62 /* Frameworks */,
				9609992B21998CAB006B6D62 /* Resources */,
			);
			buildRules = (
			);
			dependencies = (
			);
			name = iOSMobileArchitecture;
			productName = iOSMobileArchitecture;
			productReference = 9609992D21998CAB006B6D62 /* iOSMobileArchitecture.app */;
			productType = "com.apple.product-type.application";
		};
/* End PBXNativeTarget section */

/* Begin PBXProject section */
		9609992521998CAB006B6D62 /* Project object */ = {
			isa = PBXProject;
			attributes = {
				LastSwiftUpdateCheck = 1010;
				LastUpgradeCheck = 1010;
				ORGANIZATIONNAME = "Andrey Chernyshev";
				TargetAttributes = {
					9609992C21998CAB006B6D62 = {
						CreatedOnToolsVersion = 10.1;
					};
				};
			};
			buildConfigurationList = 9609992821998CAB006B6D62 /* Build configuration list for PBXProject "iOSMobileArchitecture" */;
			compatibilityVersion = "Xcode 9.3";
			developmentRegion = en;
			hasScannedForEncodings = 0;
			knownRegions = (
				en,
				Base,
			);
			mainGroup = 9609992421998CAB006B6D62;
			productRefGroup = 9609992E21998CAB006B6D62 /* Products */;
			projectDirPath = "";
			projectRoot = "";
			targets = (
				9609992C21998CAB006B6D62 /* iOSMobileArchitecture */,
			);
		};
/* End PBXProject section */

/* Begin PBXResourcesBuildPhase section */
		9609992B21998CAB006B6D62 /* Resources */ = {
			isa = PBXResourcesBuildPhase;
			buildActionMask = 2147483647;
			files = (
				9663320621C8E15C004ABCA2 /* TaskSix in Resources */,
				9663320B21C8E39C004ABCA2 /* TaskSeven in Resources */,
				96B0E7AA21AFFB34001AD6FF /* TaskThree in Resources */,
				FACF29BB21CA6FEF00492B35 /* TaskOneScreen.storyboard in Resources */,
				FACF29C121CA896600492B35 /* TaskTwoScreen.storyboard in Resources */,
				96B0E7A421AFD695001AD6FF /* TaskOne in Resources */,
				9609995321998FFE006B6D62 /* LaunchScreen.storyboard in Resources */,
				96B0E7AD21B0086D001AD6FF /* TaskFour in Resources */,
				96B0E7B021B00CAF001AD6FF /* TaskFive in Resources */,
				FAF9D5AA21CD037000F34E3C /* TaskThreeScreen.storyboard in Resources */,
				9609993821998CAD006B6D62 /* Assets.xcassets in Resources */,
				96B0E7A121AFD413001AD6FF /* ReadMe in Resources */,
				96B0E7A721AFE4AF001AD6FF /* TaskTwo in Resources */,
				CE4987292209CBD700A79620 /* TaskFourScreen.storyboard in Resources */,
			);
			runOnlyForDeploymentPostprocessing = 0;
		};
/* End PBXResourcesBuildPhase section */

/* Begin PBXSourcesBuildPhase section */
		9609992921998CAB006B6D62 /* Sources */ = {
			isa = PBXSourcesBuildPhase;
			buildActionMask = 2147483647;
			files = (
				FAF9D5B221CD067400F34E3C /* CustomerData.swift in Sources */,
				FAF9D5B021CD058B00F34E3C /* TaskThreePartThreeViewController.swift in Sources */,
				FACF29C521CA8C0800492B35 /* ChairElement.swift in Sources */,
				CE75CFCF221EE2BB00A1EFB6 /* ModernFactory.swift in Sources */,
				FACF29AF21CA666A00492B35 /* TaskOneViewController.swift in Sources */,
				FAF9D5AC21CD054A00F34E3C /* TaskThreePartOneViewController.swift in Sources */,
				FAF9D5B621CD11E000F34E3C /* HandingCustomerData.swift in Sources */,
				CE75CFC1221EDC4500A1EFB6 /* AbstractFactory.swift in Sources */,
				CE75CFD4221EECF200A1EFB6 /* MainTableElements.swift in Sources */,
				CE75CFCD221EDDD300A1EFB6 /* ModernTable.swift in Sources */,
				CE035C432225833500DC681C /* ListOfFurniture.swift in Sources */,
				CE731D362200A04B00B08E68 /* ButtonDelegate.swift in Sources */,
				CE75CFCB221EDDA700A1EFB6 /* ModernChair.swift in Sources */,
				CE75CFBD221ED97400A1EFB6 /* ChairProtocol.swift in Sources */,
				CE75CFBF221ED9CE00A1EFB6 /* TableProtocol.swift in Sources */,
				9609993121998CAB006B6D62 /* AppDelegate.swift in Sources */,
				CE75CFD6221EF31E00A1EFB6 /* TitleDataCell.swift in Sources */,
				AC5894532216DC5100998D53 /* TitleCell.swift in Sources */,
				CE75CFC7221EDD0400A1EFB6 /* RenaissanceChair.swift in Sources */,
				FACF29C721CA8C4200492B35 /* FurnitureProtocol.swift in Sources */,
				FAF9D5AE21CD057200F34E3C /* TaskThreePartTwoViewController.swift in Sources */,
				FACF29C321CA8BD500492B35 /* TableElement.swift in Sources */,
				AC5894572216DC6700998D53 /* SeparatorCell.swift in Sources */,
				AC5894592216EA8B00998D53 /* MainTableView.swift in Sources */,
				AC5894552216DC5B00998D53 /* DataCell.swift in Sources */,
				CE75CFC9221EDD1A00A1EFB6 /* RenaissanceTable.swift in Sources */,
				CE4987272209CBAC00A79620 /* TaskFourViewController.swift in Sources */,
				CE75CFD1221EE2DA00A1EFB6 /* RenaissanceFactory.swift in Sources */,
				FACF29BF21CA895200492B35 /* TaskTwoViewController.swift in Sources */,
				CE035C4122256F0C00DC681C /* TableElementsMapper.swift in Sources */,
				9663320821C8E27D004ABCA2 /* TaskSixProtocol.swift in Sources */,
			);
			runOnlyForDeploymentPostprocessing = 0;
		};
/* End PBXSourcesBuildPhase section */

/* Begin XCBuildConfiguration section */
		9609993D21998CAD006B6D62 /* Debug */ = {
			isa = XCBuildConfiguration;
			buildSettings = {
				ALWAYS_SEARCH_USER_PATHS = NO;
				CLANG_ANALYZER_NONNULL = YES;
				CLANG_ANALYZER_NUMBER_OBJECT_CONVERSION = YES_AGGRESSIVE;
				CLANG_CXX_LANGUAGE_STANDARD = "gnu++14";
				CLANG_CXX_LIBRARY = "libc++";
				CLANG_ENABLE_MODULES = YES;
				CLANG_ENABLE_OBJC_ARC = YES;
				CLANG_ENABLE_OBJC_WEAK = YES;
				CLANG_WARN_BLOCK_CAPTURE_AUTORELEASING = YES;
				CLANG_WARN_BOOL_CONVERSION = YES;
				CLANG_WARN_COMMA = YES;
				CLANG_WARN_CONSTANT_CONVERSION = YES;
				CLANG_WARN_DEPRECATED_OBJC_IMPLEMENTATIONS = YES;
				CLANG_WARN_DIRECT_OBJC_ISA_USAGE = YES_ERROR;
				CLANG_WARN_DOCUMENTATION_COMMENTS = YES;
				CLANG_WARN_EMPTY_BODY = YES;
				CLANG_WARN_ENUM_CONVERSION = YES;
				CLANG_WARN_INFINITE_RECURSION = YES;
				CLANG_WARN_INT_CONVERSION = YES;
				CLANG_WARN_NON_LITERAL_NULL_CONVERSION = YES;
				CLANG_WARN_OBJC_IMPLICIT_RETAIN_SELF = YES;
				CLANG_WARN_OBJC_LITERAL_CONVERSION = YES;
				CLANG_WARN_OBJC_ROOT_CLASS = YES_ERROR;
				CLANG_WARN_RANGE_LOOP_ANALYSIS = YES;
				CLANG_WARN_STRICT_PROTOTYPES = YES;
				CLANG_WARN_SUSPICIOUS_MOVE = YES;
				CLANG_WARN_UNGUARDED_AVAILABILITY = YES_AGGRESSIVE;
				CLANG_WARN_UNREACHABLE_CODE = YES;
				CLANG_WARN__DUPLICATE_METHOD_MATCH = YES;
				CODE_SIGN_IDENTITY = "iPhone Developer";
				COPY_PHASE_STRIP = NO;
				DEBUG_INFORMATION_FORMAT = dwarf;
				ENABLE_STRICT_OBJC_MSGSEND = YES;
				ENABLE_TESTABILITY = YES;
				GCC_C_LANGUAGE_STANDARD = gnu11;
				GCC_DYNAMIC_NO_PIC = NO;
				GCC_NO_COMMON_BLOCKS = YES;
				GCC_OPTIMIZATION_LEVEL = 0;
				GCC_PREPROCESSOR_DEFINITIONS = (
					"DEBUG=1",
					"$(inherited)",
				);
				GCC_WARN_64_TO_32_BIT_CONVERSION = YES;
				GCC_WARN_ABOUT_RETURN_TYPE = YES_ERROR;
				GCC_WARN_UNDECLARED_SELECTOR = YES;
				GCC_WARN_UNINITIALIZED_AUTOS = YES_AGGRESSIVE;
				GCC_WARN_UNUSED_FUNCTION = YES;
				GCC_WARN_UNUSED_VARIABLE = YES;
				IPHONEOS_DEPLOYMENT_TARGET = 12.1;
				MTL_ENABLE_DEBUG_INFO = INCLUDE_SOURCE;
				MTL_FAST_MATH = YES;
				ONLY_ACTIVE_ARCH = YES;
				SDKROOT = iphoneos;
				SWIFT_ACTIVE_COMPILATION_CONDITIONS = DEBUG;
				SWIFT_OPTIMIZATION_LEVEL = "-Onone";
			};
			name = Debug;
		};
		9609993E21998CAD006B6D62 /* Release */ = {
			isa = XCBuildConfiguration;
			buildSettings = {
				ALWAYS_SEARCH_USER_PATHS = NO;
				CLANG_ANALYZER_NONNULL = YES;
				CLANG_ANALYZER_NUMBER_OBJECT_CONVERSION = YES_AGGRESSIVE;
				CLANG_CXX_LANGUAGE_STANDARD = "gnu++14";
				CLANG_CXX_LIBRARY = "libc++";
				CLANG_ENABLE_MODULES = YES;
				CLANG_ENABLE_OBJC_ARC = YES;
				CLANG_ENABLE_OBJC_WEAK = YES;
				CLANG_WARN_BLOCK_CAPTURE_AUTORELEASING = YES;
				CLANG_WARN_BOOL_CONVERSION = YES;
				CLANG_WARN_COMMA = YES;
				CLANG_WARN_CONSTANT_CONVERSION = YES;
				CLANG_WARN_DEPRECATED_OBJC_IMPLEMENTATIONS = YES;
				CLANG_WARN_DIRECT_OBJC_ISA_USAGE = YES_ERROR;
				CLANG_WARN_DOCUMENTATION_COMMENTS = YES;
				CLANG_WARN_EMPTY_BODY = YES;
				CLANG_WARN_ENUM_CONVERSION = YES;
				CLANG_WARN_INFINITE_RECURSION = YES;
				CLANG_WARN_INT_CONVERSION = YES;
				CLANG_WARN_NON_LITERAL_NULL_CONVERSION = YES;
				CLANG_WARN_OBJC_IMPLICIT_RETAIN_SELF = YES;
				CLANG_WARN_OBJC_LITERAL_CONVERSION = YES;
				CLANG_WARN_OBJC_ROOT_CLASS = YES_ERROR;
				CLANG_WARN_RANGE_LOOP_ANALYSIS = YES;
				CLANG_WARN_STRICT_PROTOTYPES = YES;
				CLANG_WARN_SUSPICIOUS_MOVE = YES;
				CLANG_WARN_UNGUARDED_AVAILABILITY = YES_AGGRESSIVE;
				CLANG_WARN_UNREACHABLE_CODE = YES;
				CLANG_WARN__DUPLICATE_METHOD_MATCH = YES;
				CODE_SIGN_IDENTITY = "iPhone Developer";
				COPY_PHASE_STRIP = NO;
				DEBUG_INFORMATION_FORMAT = "dwarf-with-dsym";
				ENABLE_NS_ASSERTIONS = NO;
				ENABLE_STRICT_OBJC_MSGSEND = YES;
				GCC_C_LANGUAGE_STANDARD = gnu11;
				GCC_NO_COMMON_BLOCKS = YES;
				GCC_WARN_64_TO_32_BIT_CONVERSION = YES;
				GCC_WARN_ABOUT_RETURN_TYPE = YES_ERROR;
				GCC_WARN_UNDECLARED_SELECTOR = YES;
				GCC_WARN_UNINITIALIZED_AUTOS = YES_AGGRESSIVE;
				GCC_WARN_UNUSED_FUNCTION = YES;
				GCC_WARN_UNUSED_VARIABLE = YES;
				IPHONEOS_DEPLOYMENT_TARGET = 12.1;
				MTL_ENABLE_DEBUG_INFO = NO;
				MTL_FAST_MATH = YES;
				SDKROOT = iphoneos;
				SWIFT_COMPILATION_MODE = wholemodule;
				SWIFT_OPTIMIZATION_LEVEL = "-O";
				VALIDATE_PRODUCT = YES;
			};
			name = Release;
		};
		9609994021998CAD006B6D62 /* Debug */ = {
			isa = XCBuildConfiguration;
			buildSettings = {
				ASSETCATALOG_COMPILER_APPICON_NAME = AppIcon;
				CODE_SIGN_STYLE = Automatic;
				DEVELOPMENT_TEAM = UDD4QZUY96;
				INFOPLIST_FILE = "$(SRCROOT)/iOSMobileArchitecture/Resources/Info.plist";
				IPHONEOS_DEPLOYMENT_TARGET = 10.0;
				LD_RUNPATH_SEARCH_PATHS = (
					"$(inherited)",
					"@executable_path/Frameworks",
				);
				PRODUCT_BUNDLE_IDENTIFIER = com.andrey.iOSMobileArchitecture;
				PRODUCT_NAME = "$(TARGET_NAME)";
				SWIFT_VERSION = 4.2;
				TARGETED_DEVICE_FAMILY = 1;
			};
			name = Debug;
		};
		9609994121998CAD006B6D62 /* Release */ = {
			isa = XCBuildConfiguration;
			buildSettings = {
				ASSETCATALOG_COMPILER_APPICON_NAME = AppIcon;
				CODE_SIGN_STYLE = Automatic;
				DEVELOPMENT_TEAM = UDD4QZUY96;
				INFOPLIST_FILE = "$(SRCROOT)/iOSMobileArchitecture/Resources/Info.plist";
				IPHONEOS_DEPLOYMENT_TARGET = 10.0;
				LD_RUNPATH_SEARCH_PATHS = (
					"$(inherited)",
					"@executable_path/Frameworks",
				);
				PRODUCT_BUNDLE_IDENTIFIER = com.andrey.iOSMobileArchitecture;
				PRODUCT_NAME = "$(TARGET_NAME)";
				SWIFT_VERSION = 4.2;
				TARGETED_DEVICE_FAMILY = 1;
			};
			name = Release;
		};
/* End XCBuildConfiguration section */

/* Begin XCConfigurationList section */
		9609992821998CAB006B6D62 /* Build configuration list for PBXProject "iOSMobileArchitecture" */ = {
			isa = XCConfigurationList;
			buildConfigurations = (
				9609993D21998CAD006B6D62 /* Debug */,
				9609993E21998CAD006B6D62 /* Release */,
			);
			defaultConfigurationIsVisible = 0;
			defaultConfigurationName = Release;
		};
		9609993F21998CAD006B6D62 /* Build configuration list for PBXNativeTarget "iOSMobileArchitecture" */ = {
			isa = XCConfigurationList;
			buildConfigurations = (
				9609994021998CAD006B6D62 /* Debug */,
				9609994121998CAD006B6D62 /* Release */,
			);
			defaultConfigurationIsVisible = 0;
			defaultConfigurationName = Release;
		};
/* End XCConfigurationList section */
	};
	rootObject = 9609992521998CAB006B6D62 /* Project object */;
}
